
Microsoft Visual Studio Solution File, Format Version 12.00
# Visual Studio Version 17
VisualStudioVersion = 17.9.34622.214
MinimumVisualStudioVersion = 10.0.40219.1
Project("{FAE04EC0-301F-11D3-BF4B-00C04F79EFBC}") = "ChisUTABackend", "ChisUTABackend\ChisUTABackend.csproj", "{E7BDE241-03B5-4A91-B724-5CD5E713E551}"
EndProject
Project("{FAE04EC0-301F-11D3-BF4B-00C04F79EFBC}") = "ChisUtaUnitTest", "ChisUtaUnitTest\ChisUtaUnitTest.csproj", "{1A2ABDD9-B8FB-417D-B281-BADD4EB36B94}"
EndProject
Global
	GlobalSection(SolutionConfigurationPlatforms) = preSolution
		Debug|Any CPU = Debug|Any CPU
		Release|Any CPU = Release|Any CPU
	EndGlobalSection
	GlobalSection(ProjectConfigurationPlatforms) = postSolution
		{E7BDE241-03B5-4A91-B724-5CD5E713E551}.Debug|Any CPU.ActiveCfg = Debug|Any CPU
		{E7BDE241-03B5-4A91-B724-5CD5E713E551}.Debug|Any CPU.Build.0 = Debug|Any CPU
		{E7BDE241-03B5-4A91-B724-5CD5E713E551}.Release|Any CPU.ActiveCfg = Release|Any CPU
		{E7BDE241-03B5-4A91-B724-5CD5E713E551}.Release|Any CPU.Build.0 = Release|Any CPU
		{1A2ABDD9-B8FB-417D-B281-BADD4EB36B94}.Debug|Any CPU.ActiveCfg = Debug|Any CPU
		{1A2ABDD9-B8FB-417D-B281-BADD4EB36B94}.Debug|Any CPU.Build.0 = Debug|Any CPU
		{1A2ABDD9-B8FB-417D-B281-BADD4EB36B94}.Release|Any CPU.ActiveCfg = Release|Any CPU
		{1A2ABDD9-B8FB-417D-B281-BADD4EB36B94}.Release|Any CPU.Build.0 = Release|Any CPU
	EndGlobalSection
	GlobalSection(SolutionProperties) = preSolution
		HideSolutionNode = FALSE
	EndGlobalSection
	GlobalSection(ExtensibilityGlobals) = postSolution
		SolutionGuid = {08A2AFAF-5B30-4C4D-B2C3-6C249871AF52}
	EndGlobalSection
EndGlobal
